
Microsoft Visual Studio Solution File, Format Version 12.00
# Visual Studio 11
Project("{FAE04EC0-301F-11D3-BF4B-00C04F79EFBC}") = "Phantom", "Phantom\Phantom.csproj", "{0F5EAB20-43BC-48DE-965B-5EC5392B4C49}"
EndProject
Project("{2150E333-8FDC-42A3-9474-1A3956D46DE8}") = "samples", "samples", "{11337130-5B26-4821-90E0-67CCF1D1D92A}"
EndProject
Project("{FAE04EC0-301F-11D3-BF4B-00C04F79EFBC}") = "MusicAdmin", "samples\MusicAdmin\MusicAdmin.csproj", "{43309731-395A-4E02-BD4A-3879B5962B3F}"
EndProject
Global
	GlobalSection(SolutionConfigurationPlatforms) = preSolution
		Debug|Any CPU = Debug|Any CPU
		Release|Any CPU = Release|Any CPU
	EndGlobalSection
	GlobalSection(ProjectConfigurationPlatforms) = postSolution
		{0F5EAB20-43BC-48DE-965B-5EC5392B4C49}.Debug|Any CPU.ActiveCfg = Debug|Any CPU
		{0F5EAB20-43BC-48DE-965B-5EC5392B4C49}.Debug|Any CPU.Build.0 = Debug|Any CPU
		{0F5EAB20-43BC-48DE-965B-5EC5392B4C49}.Release|Any CPU.ActiveCfg = Release|Any CPU
		{0F5EAB20-43BC-48DE-965B-5EC5392B4C49}.Release|Any CPU.Build.0 = Release|Any CPU
		{43309731-395A-4E02-BD4A-3879B5962B3F}.Debug|Any CPU.ActiveCfg = Debug|Any CPU
		{43309731-395A-4E02-BD4A-3879B5962B3F}.Debug|Any CPU.Build.0 = Debug|Any CPU
		{43309731-395A-4E02-BD4A-3879B5962B3F}.Release|Any CPU.ActiveCfg = Release|Any CPU
		{43309731-395A-4E02-BD4A-3879B5962B3F}.Release|Any CPU.Build.0 = Release|Any CPU
	EndGlobalSection
	GlobalSection(SolutionProperties) = preSolution
		HideSolutionNode = FALSE
	EndGlobalSection
	GlobalSection(NestedProjects) = preSolution
		{43309731-395A-4E02-BD4A-3879B5962B3F} = {11337130-5B26-4821-90E0-67CCF1D1D92A}
	EndGlobalSection
EndGlobal
